
Microsoft Visual Studio Solution File, Format Version 12.00
# Visual Studio Version 17
VisualStudioVersion = 17.8.34525.116
MinimumVisualStudioVersion = 10.0.40219.1
Project("{2150E333-8FDC-42A3-9474-1A3956D46DE8}") = "Web", "Web", "{F7EC5A69-1995-45F4-B342-68A2226414F4}"
EndProject
Project("{2150E333-8FDC-42A3-9474-1A3956D46DE8}") = "Data", "Data", "{7B910E4E-4D2E-4E9E-808C-AED59BE9F6A8}"
EndProject
Project("{9A19103F-16F7-4668-BE54-9A1E7A4F7556}") = "SeatGeek.Common", "SeatGeek.Common\SeatGeek.Common.csproj", "{DAA070CD-FE61-4A89-A708-5ADCDF2E410C}"
EndProject
Project("{9A19103F-16F7-4668-BE54-9A1E7A4F7556}") = "SeatGeek.Data", "SeatGeek.Data\SeatGeek.Data.csproj", "{382FFA17-E849-47FE-BF48-D8508FFE2A0D}"
EndProject
Project("{9A19103F-16F7-4668-BE54-9A1E7A4F7556}") = "SeatGeek.Data.Models", "SeatGeek.Data.Models\SeatGeek.Data.Models.csproj", "{6DC921A5-DA26-458D-84A6-A817B6F83D47}"
EndProject
Project("{9A19103F-16F7-4668-BE54-9A1E7A4F7556}") = "SeatGeek.Web.Infrastructure", "SeatGeek.Web.Infrastructure\SeatGeek.Web.Infrastructure.csproj", "{A0FBB580-4310-4A47-B848-511D3F4A5EE4}"
EndProject
Project("{9A19103F-16F7-4668-BE54-9A1E7A4F7556}") = "SeatGeek.Web", "SeatGeek.Web\SeatGeek.Web.csproj", "{8C0C7787-86CD-4A41-906E-EE3B9BCEC6D9}"
EndProject
Project("{9A19103F-16F7-4668-BE54-9A1E7A4F7556}") = "SeatGeek.Web.ViewModels", "SeatGeek.Web.ViewModels\SeatGeek.Web.ViewModels.csproj", "{75BCC8B1-8BD5-4AFB-A959-CC361C6E686B}"
EndProject
Project("{9A19103F-16F7-4668-BE54-9A1E7A4F7556}") = "SeatGeek.Services.Data", "SeatGeek.Services.Data\SeatGeek.Services.Data.csproj", "{C7A00EB8-2C6A-47C9-87BC-896B67FC7B4A}"
EndProject
Project("{2150E333-8FDC-42A3-9474-1A3956D46DE8}") = "Services", "Services", "{D4B79754-5999-4868-BBB4-3BE088D2791F}"
EndProject
Project("{FAE04EC0-301F-11D3-BF4B-00C04F79EFBC}") = "SeatGeek.Services.Data.Model.Event", "SeatGeek.Services.Data.Model.Event\SeatGeek.Services.Data.Model.Event.csproj", "{33CC9EC4-03FF-435B-8B18-0CC1AEEC0C2F}"
EndProject
Global
	GlobalSection(SolutionConfigurationPlatforms) = preSolution
		Debug|Any CPU = Debug|Any CPU
		Release|Any CPU = Release|Any CPU
	EndGlobalSection
	GlobalSection(ProjectConfigurationPlatforms) = postSolution
		{DAA070CD-FE61-4A89-A708-5ADCDF2E410C}.Debug|Any CPU.ActiveCfg = Debug|Any CPU
		{DAA070CD-FE61-4A89-A708-5ADCDF2E410C}.Debug|Any CPU.Build.0 = Debug|Any CPU
		{DAA070CD-FE61-4A89-A708-5ADCDF2E410C}.Release|Any CPU.ActiveCfg = Release|Any CPU
		{DAA070CD-FE61-4A89-A708-5ADCDF2E410C}.Release|Any CPU.Build.0 = Release|Any CPU
		{382FFA17-E849-47FE-BF48-D8508FFE2A0D}.Debug|Any CPU.ActiveCfg = Debug|Any CPU
		{382FFA17-E849-47FE-BF48-D8508FFE2A0D}.Debug|Any CPU.Build.0 = Debug|Any CPU
		{382FFA17-E849-47FE-BF48-D8508FFE2A0D}.Release|Any CPU.ActiveCfg = Release|Any CPU
		{382FFA17-E849-47FE-BF48-D8508FFE2A0D}.Release|Any CPU.Build.0 = Release|Any CPU
		{6DC921A5-DA26-458D-84A6-A817B6F83D47}.Debug|Any CPU.ActiveCfg = Debug|Any CPU
		{6DC921A5-DA26-458D-84A6-A817B6F83D47}.Debug|Any CPU.Build.0 = Debug|Any CPU
		{6DC921A5-DA26-458D-84A6-A817B6F83D47}.Release|Any CPU.ActiveCfg = Release|Any CPU
		{6DC921A5-DA26-458D-84A6-A817B6F83D47}.Release|Any CPU.Build.0 = Release|Any CPU
		{A0FBB580-4310-4A47-B848-511D3F4A5EE4}.Debug|Any CPU.ActiveCfg = Debug|Any CPU
		{A0FBB580-4310-4A47-B848-511D3F4A5EE4}.Debug|Any CPU.Build.0 = Debug|Any CPU
		{A0FBB580-4310-4A47-B848-511D3F4A5EE4}.Release|Any CPU.ActiveCfg = Release|Any CPU
		{A0FBB580-4310-4A47-B848-511D3F4A5EE4}.Release|Any CPU.Build.0 = Release|Any CPU
		{8C0C7787-86CD-4A41-906E-EE3B9BCEC6D9}.Debug|Any CPU.ActiveCfg = Debug|Any CPU
		{8C0C7787-86CD-4A41-906E-EE3B9BCEC6D9}.Debug|Any CPU.Build.0 = Debug|Any CPU
		{8C0C7787-86CD-4A41-906E-EE3B9BCEC6D9}.Release|Any CPU.ActiveCfg = Release|Any CPU
		{8C0C7787-86CD-4A41-906E-EE3B9BCEC6D9}.Release|Any CPU.Build.0 = Release|Any CPU
		{75BCC8B1-8BD5-4AFB-A959-CC361C6E686B}.Debug|Any CPU.ActiveCfg = Debug|Any CPU
		{75BCC8B1-8BD5-4AFB-A959-CC361C6E686B}.Debug|Any CPU.Build.0 = Debug|Any CPU
		{75BCC8B1-8BD5-4AFB-A959-CC361C6E686B}.Release|Any CPU.ActiveCfg = Release|Any CPU
		{75BCC8B1-8BD5-4AFB-A959-CC361C6E686B}.Release|Any CPU.Build.0 = Release|Any CPU
		{C7A00EB8-2C6A-47C9-87BC-896B67FC7B4A}.Debug|Any CPU.ActiveCfg = Debug|Any CPU
		{C7A00EB8-2C6A-47C9-87BC-896B67FC7B4A}.Debug|Any CPU.Build.0 = Debug|Any CPU
		{C7A00EB8-2C6A-47C9-87BC-896B67FC7B4A}.Release|Any CPU.ActiveCfg = Release|Any CPU
		{C7A00EB8-2C6A-47C9-87BC-896B67FC7B4A}.Release|Any CPU.Build.0 = Release|Any CPU
		{33CC9EC4-03FF-435B-8B18-0CC1AEEC0C2F}.Debug|Any CPU.ActiveCfg = Debug|Any CPU
		{33CC9EC4-03FF-435B-8B18-0CC1AEEC0C2F}.Debug|Any CPU.Build.0 = Debug|Any CPU
		{33CC9EC4-03FF-435B-8B18-0CC1AEEC0C2F}.Release|Any CPU.ActiveCfg = Release|Any CPU
		{33CC9EC4-03FF-435B-8B18-0CC1AEEC0C2F}.Release|Any CPU.Build.0 = Release|Any CPU
	EndGlobalSection
	GlobalSection(SolutionProperties) = preSolution
		HideSolutionNode = FALSE
	EndGlobalSection
	GlobalSection(NestedProjects) = preSolution
		{382FFA17-E849-47FE-BF48-D8508FFE2A0D} = {7B910E4E-4D2E-4E9E-808C-AED59BE9F6A8}
		{6DC921A5-DA26-458D-84A6-A817B6F83D47} = {7B910E4E-4D2E-4E9E-808C-AED59BE9F6A8}
		{A0FBB580-4310-4A47-B848-511D3F4A5EE4} = {F7EC5A69-1995-45F4-B342-68A2226414F4}
		{8C0C7787-86CD-4A41-906E-EE3B9BCEC6D9} = {F7EC5A69-1995-45F4-B342-68A2226414F4}
		{75BCC8B1-8BD5-4AFB-A959-CC361C6E686B} = {F7EC5A69-1995-45F4-B342-68A2226414F4}
		{C7A00EB8-2C6A-47C9-87BC-896B67FC7B4A} = {D4B79754-5999-4868-BBB4-3BE088D2791F}
		{33CC9EC4-03FF-435B-8B18-0CC1AEEC0C2F} = {D4B79754-5999-4868-BBB4-3BE088D2791F}
	EndGlobalSection
	GlobalSection(ExtensibilityGlobals) = postSolution
		SolutionGuid = {93430258-FAB1-48AF-8FB8-EBF0F6ACE4A4}
	EndGlobalSection
EndGlobal
